
Microsoft Visual Studio Solution File, Format Version 12.00
# Visual Studio 14
VisualStudioVersion = 14.0.25420.1
MinimumVisualStudioVersion = 10.0.40219.1
Project("{FAE04EC0-301F-11D3-BF4B-00C04F79EFBC}") = "Lab 1", "Lab 1\Lab 1.csproj", "{75614BCE-0B00-4015-A0EA-780A860FB338}"
EndProject
Project("{FAE04EC0-301F-11D3-BF4B-00C04F79EFBC}") = "DividerTests", "DividerTests\DividerTests.csproj", "{08267400-52C6-4F86-88FA-7B0E33F7D381}"
EndProject
Global
	GlobalSection(SolutionConfigurationPlatforms) = preSolution
		Debug|Any CPU = Debug|Any CPU
		Release|Any CPU = Release|Any CPU
	EndGlobalSection
	GlobalSection(ProjectConfigurationPlatforms) = postSolution
		{75614BCE-0B00-4015-A0EA-780A860FB338}.Debug|Any CPU.ActiveCfg = Debug|Any CPU
		{75614BCE-0B00-4015-A0EA-780A860FB338}.Debug|Any CPU.Build.0 = Debug|Any CPU
		{75614BCE-0B00-4015-A0EA-780A860FB338}.Release|Any CPU.ActiveCfg = Release|Any CPU
		{75614BCE-0B00-4015-A0EA-780A860FB338}.Release|Any CPU.Build.0 = Release|Any CPU
		{08267400-52C6-4F86-88FA-7B0E33F7D381}.Debug|Any CPU.ActiveCfg = Debug|Any CPU
		{08267400-52C6-4F86-88FA-7B0E33F7D381}.Debug|Any CPU.Build.0 = Debug|Any CPU
		{08267400-52C6-4F86-88FA-7B0E33F7D381}.Release|Any CPU.ActiveCfg = Release|Any CPU
		{08267400-52C6-4F86-88FA-7B0E33F7D381}.Release|Any CPU.Build.0 = Release|Any CPU
	EndGlobalSection
	GlobalSection(SolutionProperties) = preSolution
		HideSolutionNode = FALSE
	EndGlobalSection
EndGlobal
