
Microsoft Visual Studio Solution File, Format Version 12.00
# Visual Studio 14
VisualStudioVersion = 14.0.25420.1
MinimumVisualStudioVersion = 10.0.40219.1
Project("{D2ABAB84-BF74-430A-B69E-9DC6D40DDA17}") = "ProgressOLAP", "ProgressOLAP\ProgressOLAP.dwproj", "{A948C927-CA90-49FE-AC44-C5ADB4AE0394}"
EndProject
Global
	GlobalSection(SolutionConfigurationPlatforms) = preSolution
		Development|Default = Development|Default
	EndGlobalSection
	GlobalSection(ProjectConfigurationPlatforms) = postSolution
		{A948C927-CA90-49FE-AC44-C5ADB4AE0394}.Development|Default.ActiveCfg = Development
		{A948C927-CA90-49FE-AC44-C5ADB4AE0394}.Development|Default.Build.0 = Development
		{A948C927-CA90-49FE-AC44-C5ADB4AE0394}.Development|Default.Deploy.0 = Development
	EndGlobalSection
	GlobalSection(SolutionProperties) = preSolution
		HideSolutionNode = FALSE
	EndGlobalSection
EndGlobal
